
Microsoft Visual Studio Solution File, Format Version 12.00
# Visual Studio Version 16
VisualStudioVersion = 16.0.29215.179
MinimumVisualStudioVersion = 10.0.40219.1
Project("{9A19103F-16F7-4668-BE54-9A1E7A4F7556}") = "NationalDay_DDD.Core", "NationalDay_DDD.Core\NationalDay_DDD.Core.csproj", "{3342F1E1-813E-42AE-95A8-0F6551A6D547}"
EndProject
Project("{9A19103F-16F7-4668-BE54-9A1E7A4F7556}") = "NationalDay_DDD.Application", "NationalDay_DDD.Application\NationalDay_DDD.Application.csproj", "{804B5B6B-092C-423E-9C2A-4453BAFA0D9D}"
EndProject
Project("{9A19103F-16F7-4668-BE54-9A1E7A4F7556}") = "NationalDay_DDD.Domain", "Domain\NationalDay_DDD.Domain.csproj", "{CAD323AC-687E-41F6-B0A8-842474324B79}"
EndProject
Project("{9A19103F-16F7-4668-BE54-9A1E7A4F7556}") = "NationalDay_DDD.Infrastruct", "NationalDay_DDD.Infrastruct.Data\NationalDay_DDD.Infrastruct.csproj", "{65999DD8-ACEA-4DA2-8C0F-8A58434D5E20}"
EndProject
Project("{9A19103F-16F7-4668-BE54-9A1E7A4F7556}") = "NationalDay_DDD.Repository", "NationalDay_DDD.Repository\NationalDay_DDD.Repository.csproj", "{39505EE3-54BB-4B78-B734-1EC792C13C8D}"
EndProject
Project("{9A19103F-16F7-4668-BE54-9A1E7A4F7556}") = "NationalDay_DDD.WebApp", "NationalDay_DDD.WebApp\NationalDay_DDD.WebApp.csproj", "{E8DDA581-979D-4714-BB1C-8690C4C67438}"
EndProject
Project("{FAE04EC0-301F-11D3-BF4B-00C04F79EFBC}") = "NationalDay_DDD.UTest", "NationalDay_DDD\NationalDay_DDD.UTest.csproj", "{011FBED8-8112-455E-815F-2FE74B6A92E4}"
EndProject
Global
	GlobalSection(SolutionConfigurationPlatforms) = preSolution
		Debug|Any CPU = Debug|Any CPU
		Release|Any CPU = Release|Any CPU
	EndGlobalSection
	GlobalSection(ProjectConfigurationPlatforms) = postSolution
		{3342F1E1-813E-42AE-95A8-0F6551A6D547}.Debug|Any CPU.ActiveCfg = Debug|Any CPU
		{3342F1E1-813E-42AE-95A8-0F6551A6D547}.Debug|Any CPU.Build.0 = Debug|Any CPU
		{3342F1E1-813E-42AE-95A8-0F6551A6D547}.Release|Any CPU.ActiveCfg = Release|Any CPU
		{3342F1E1-813E-42AE-95A8-0F6551A6D547}.Release|Any CPU.Build.0 = Release|Any CPU
		{804B5B6B-092C-423E-9C2A-4453BAFA0D9D}.Debug|Any CPU.ActiveCfg = Debug|Any CPU
		{804B5B6B-092C-423E-9C2A-4453BAFA0D9D}.Debug|Any CPU.Build.0 = Debug|Any CPU
		{804B5B6B-092C-423E-9C2A-4453BAFA0D9D}.Release|Any CPU.ActiveCfg = Release|Any CPU
		{804B5B6B-092C-423E-9C2A-4453BAFA0D9D}.Release|Any CPU.Build.0 = Release|Any CPU
		{CAD323AC-687E-41F6-B0A8-842474324B79}.Debug|Any CPU.ActiveCfg = Debug|Any CPU
		{CAD323AC-687E-41F6-B0A8-842474324B79}.Debug|Any CPU.Build.0 = Debug|Any CPU
		{CAD323AC-687E-41F6-B0A8-842474324B79}.Release|Any CPU.ActiveCfg = Release|Any CPU
		{CAD323AC-687E-41F6-B0A8-842474324B79}.Release|Any CPU.Build.0 = Release|Any CPU
		{65999DD8-ACEA-4DA2-8C0F-8A58434D5E20}.Debug|Any CPU.ActiveCfg = Debug|Any CPU
		{65999DD8-ACEA-4DA2-8C0F-8A58434D5E20}.Debug|Any CPU.Build.0 = Debug|Any CPU
		{65999DD8-ACEA-4DA2-8C0F-8A58434D5E20}.Release|Any CPU.ActiveCfg = Release|Any CPU
		{65999DD8-ACEA-4DA2-8C0F-8A58434D5E20}.Release|Any CPU.Build.0 = Release|Any CPU
		{39505EE3-54BB-4B78-B734-1EC792C13C8D}.Debug|Any CPU.ActiveCfg = Debug|Any CPU
		{39505EE3-54BB-4B78-B734-1EC792C13C8D}.Debug|Any CPU.Build.0 = Debug|Any CPU
		{39505EE3-54BB-4B78-B734-1EC792C13C8D}.Release|Any CPU.ActiveCfg = Release|Any CPU
		{39505EE3-54BB-4B78-B734-1EC792C13C8D}.Release|Any CPU.Build.0 = Release|Any CPU
		{E8DDA581-979D-4714-BB1C-8690C4C67438}.Debug|Any CPU.ActiveCfg = Debug|Any CPU
		{E8DDA581-979D-4714-BB1C-8690C4C67438}.Debug|Any CPU.Build.0 = Debug|Any CPU
		{E8DDA581-979D-4714-BB1C-8690C4C67438}.Release|Any CPU.ActiveCfg = Release|Any CPU
		{E8DDA581-979D-4714-BB1C-8690C4C67438}.Release|Any CPU.Build.0 = Release|Any CPU
		{011FBED8-8112-455E-815F-2FE74B6A92E4}.Debug|Any CPU.ActiveCfg = Debug|Any CPU
		{011FBED8-8112-455E-815F-2FE74B6A92E4}.Debug|Any CPU.Build.0 = Debug|Any CPU
		{011FBED8-8112-455E-815F-2FE74B6A92E4}.Release|Any CPU.ActiveCfg = Release|Any CPU
		{011FBED8-8112-455E-815F-2FE74B6A92E4}.Release|Any CPU.Build.0 = Release|Any CPU
	EndGlobalSection
	GlobalSection(SolutionProperties) = preSolution
		HideSolutionNode = FALSE
	EndGlobalSection
	GlobalSection(ExtensibilityGlobals) = postSolution
		SolutionGuid = {16F4470F-30FF-4EF0-8816-1B76447935A1}
	EndGlobalSection
EndGlobal
